
Microsoft Visual Studio Solution File, Format Version 12.00
# Visual Studio Version 17
VisualStudioVersion = 17.1.32210.238
MinimumVisualStudioVersion = 10.0.40219.1
Project("{FAE04EC0-301F-11D3-BF4B-00C04F79EFBC}") = "WinFormsApp1", "WinFormsApp1\WinFormsApp1.csproj", "{8D0A6694-36A4-41BE-BE92-E2FE0F7B75C7}"
EndProject
Global
	GlobalSection(SolutionConfigurationPlatforms) = preSolution
		Debug|Any CPU = Debug|Any CPU
		Release|Any CPU = Release|Any CPU
	EndGlobalSection
	GlobalSection(ProjectConfigurationPlatforms) = postSolution
		{8D0A6694-36A4-41BE-BE92-E2FE0F7B75C7}.Debug|Any CPU.ActiveCfg = Debug|Any CPU
		{8D0A6694-36A4-41BE-BE92-E2FE0F7B75C7}.Debug|Any CPU.Build.0 = Debug|Any CPU
		{8D0A6694-36A4-41BE-BE92-E2FE0F7B75C7}.Release|Any CPU.ActiveCfg = Release|Any CPU
		{8D0A6694-36A4-41BE-BE92-E2FE0F7B75C7}.Release|Any CPU.Build.0 = Release|Any CPU
	EndGlobalSection
	GlobalSection(SolutionProperties) = preSolution
		HideSolutionNode = FALSE
	EndGlobalSection
	GlobalSection(ExtensibilityGlobals) = postSolution
		SolutionGuid = {38FEDC05-B6EF-4292-B14E-A4AE93F751AF}
	EndGlobalSection
EndGlobal
